
Microsoft Visual Studio Solution File, Format Version 12.00
# Visual Studio Version 16
VisualStudioVersion = 16.0.30011.22
MinimumVisualStudioVersion = 15.0.26124.0
Project("{9A19103F-16F7-4668-BE54-9A1E7A4F7556}") = "Store.Api", "Store.Api\Store.Api.csproj", "{F7037F06-B322-43DD-B60C-FAF4870EABF9}"
EndProject
Project("{9A19103F-16F7-4668-BE54-9A1E7A4F7556}") = "Store.Domain", "Store.Domain\Store.Domain.csproj", "{BC0CE2D5-9F22-49E0-908E-800F28D056C7}"
	ProjectSection(ProjectDependencies) = postProject
		{745859E0-4D00-42D8-B981-AF998D7215D9} = {745859E0-4D00-42D8-B981-AF998D7215D9}
	EndProjectSection
EndProject
Project("{9A19103F-16F7-4668-BE54-9A1E7A4F7556}") = "Store.Infra", "Store.Infra\Store.Infra.csproj", "{5D6FA32F-85FF-441C-B14C-4F2E4C63D959}"
	ProjectSection(ProjectDependencies) = postProject
		{BC0CE2D5-9F22-49E0-908E-800F28D056C7} = {BC0CE2D5-9F22-49E0-908E-800F28D056C7}
	EndProjectSection
EndProject
Project("{9A19103F-16F7-4668-BE54-9A1E7A4F7556}") = "Store.Shared", "Store.Shared\Store.Shared.csproj", "{745859E0-4D00-42D8-B981-AF998D7215D9}"
EndProject
Project("{9A19103F-16F7-4668-BE54-9A1E7A4F7556}") = "Store.Tests", "Store.Tests\Store.Tests.csproj", "{CD9D0145-FC8B-4F8B-B6FE-65602496A804}"
EndProject
Global
	GlobalSection(SolutionConfigurationPlatforms) = preSolution
		Debug|Any CPU = Debug|Any CPU
		Debug|x64 = Debug|x64
		Debug|x86 = Debug|x86
		Release|Any CPU = Release|Any CPU
		Release|x64 = Release|x64
		Release|x86 = Release|x86
	EndGlobalSection
	GlobalSection(ProjectConfigurationPlatforms) = postSolution
		{F7037F06-B322-43DD-B60C-FAF4870EABF9}.Debug|Any CPU.ActiveCfg = Debug|Any CPU
		{F7037F06-B322-43DD-B60C-FAF4870EABF9}.Debug|Any CPU.Build.0 = Debug|Any CPU
		{F7037F06-B322-43DD-B60C-FAF4870EABF9}.Debug|x64.ActiveCfg = Debug|Any CPU
		{F7037F06-B322-43DD-B60C-FAF4870EABF9}.Debug|x64.Build.0 = Debug|Any CPU
		{F7037F06-B322-43DD-B60C-FAF4870EABF9}.Debug|x86.ActiveCfg = Debug|Any CPU
		{F7037F06-B322-43DD-B60C-FAF4870EABF9}.Debug|x86.Build.0 = Debug|Any CPU
		{F7037F06-B322-43DD-B60C-FAF4870EABF9}.Release|Any CPU.ActiveCfg = Release|Any CPU
		{F7037F06-B322-43DD-B60C-FAF4870EABF9}.Release|Any CPU.Build.0 = Release|Any CPU
		{F7037F06-B322-43DD-B60C-FAF4870EABF9}.Release|x64.ActiveCfg = Release|Any CPU
		{F7037F06-B322-43DD-B60C-FAF4870EABF9}.Release|x64.Build.0 = Release|Any CPU
		{F7037F06-B322-43DD-B60C-FAF4870EABF9}.Release|x86.ActiveCfg = Release|Any CPU
		{F7037F06-B322-43DD-B60C-FAF4870EABF9}.Release|x86.Build.0 = Release|Any CPU
		{BC0CE2D5-9F22-49E0-908E-800F28D056C7}.Debug|Any CPU.ActiveCfg = Debug|Any CPU
		{BC0CE2D5-9F22-49E0-908E-800F28D056C7}.Debug|Any CPU.Build.0 = Debug|Any CPU
		{BC0CE2D5-9F22-49E0-908E-800F28D056C7}.Debug|x64.ActiveCfg = Debug|Any CPU
		{BC0CE2D5-9F22-49E0-908E-800F28D056C7}.Debug|x64.Build.0 = Debug|Any CPU
		{BC0CE2D5-9F22-49E0-908E-800F28D056C7}.Debug|x86.ActiveCfg = Debug|Any CPU
		{BC0CE2D5-9F22-49E0-908E-800F28D056C7}.Debug|x86.Build.0 = Debug|Any CPU
		{BC0CE2D5-9F22-49E0-908E-800F28D056C7}.Release|Any CPU.ActiveCfg = Release|Any CPU
		{BC0CE2D5-9F22-49E0-908E-800F28D056C7}.Release|Any CPU.Build.0 = Release|Any CPU
		{BC0CE2D5-9F22-49E0-908E-800F28D056C7}.Release|x64.ActiveCfg = Release|Any CPU
		{BC0CE2D5-9F22-49E0-908E-800F28D056C7}.Release|x64.Build.0 = Release|Any CPU
		{BC0CE2D5-9F22-49E0-908E-800F28D056C7}.Release|x86.ActiveCfg = Release|Any CPU
		{BC0CE2D5-9F22-49E0-908E-800F28D056C7}.Release|x86.Build.0 = Release|Any CPU
		{5D6FA32F-85FF-441C-B14C-4F2E4C63D959}.Debug|Any CPU.ActiveCfg = Debug|Any CPU
		{5D6FA32F-85FF-441C-B14C-4F2E4C63D959}.Debug|Any CPU.Build.0 = Debug|Any CPU
		{5D6FA32F-85FF-441C-B14C-4F2E4C63D959}.Debug|x64.ActiveCfg = Debug|Any CPU
		{5D6FA32F-85FF-441C-B14C-4F2E4C63D959}.Debug|x64.Build.0 = Debug|Any CPU
		{5D6FA32F-85FF-441C-B14C-4F2E4C63D959}.Debug|x86.ActiveCfg = Debug|Any CPU
		{5D6FA32F-85FF-441C-B14C-4F2E4C63D959}.Debug|x86.Build.0 = Debug|Any CPU
		{5D6FA32F-85FF-441C-B14C-4F2E4C63D959}.Release|Any CPU.ActiveCfg = Release|Any CPU
		{5D6FA32F-85FF-441C-B14C-4F2E4C63D959}.Release|Any CPU.Build.0 = Release|Any CPU
		{5D6FA32F-85FF-441C-B14C-4F2E4C63D959}.Release|x64.ActiveCfg = Release|Any CPU
		{5D6FA32F-85FF-441C-B14C-4F2E4C63D959}.Release|x64.Build.0 = Release|Any CPU
		{5D6FA32F-85FF-441C-B14C-4F2E4C63D959}.Release|x86.ActiveCfg = Release|Any CPU
		{5D6FA32F-85FF-441C-B14C-4F2E4C63D959}.Release|x86.Build.0 = Release|Any CPU
		{745859E0-4D00-42D8-B981-AF998D7215D9}.Debug|Any CPU.ActiveCfg = Debug|Any CPU
		{745859E0-4D00-42D8-B981-AF998D7215D9}.Debug|Any CPU.Build.0 = Debug|Any CPU
		{745859E0-4D00-42D8-B981-AF998D7215D9}.Debug|x64.ActiveCfg = Debug|Any CPU
		{745859E0-4D00-42D8-B981-AF998D7215D9}.Debug|x64.Build.0 = Debug|Any CPU
		{745859E0-4D00-42D8-B981-AF998D7215D9}.Debug|x86.ActiveCfg = Debug|Any CPU
		{745859E0-4D00-42D8-B981-AF998D7215D9}.Debug|x86.Build.0 = Debug|Any CPU
		{745859E0-4D00-42D8-B981-AF998D7215D9}.Release|Any CPU.ActiveCfg = Release|Any CPU
		{745859E0-4D00-42D8-B981-AF998D7215D9}.Release|Any CPU.Build.0 = Release|Any CPU
		{745859E0-4D00-42D8-B981-AF998D7215D9}.Release|x64.ActiveCfg = Release|Any CPU
		{745859E0-4D00-42D8-B981-AF998D7215D9}.Release|x64.Build.0 = Release|Any CPU
		{745859E0-4D00-42D8-B981-AF998D7215D9}.Release|x86.ActiveCfg = Release|Any CPU
		{745859E0-4D00-42D8-B981-AF998D7215D9}.Release|x86.Build.0 = Release|Any CPU
		{CD9D0145-FC8B-4F8B-B6FE-65602496A804}.Debug|Any CPU.ActiveCfg = Debug|Any CPU
		{CD9D0145-FC8B-4F8B-B6FE-65602496A804}.Debug|Any CPU.Build.0 = Debug|Any CPU
		{CD9D0145-FC8B-4F8B-B6FE-65602496A804}.Debug|x64.ActiveCfg = Debug|Any CPU
		{CD9D0145-FC8B-4F8B-B6FE-65602496A804}.Debug|x64.Build.0 = Debug|Any CPU
		{CD9D0145-FC8B-4F8B-B6FE-65602496A804}.Debug|x86.ActiveCfg = Debug|Any CPU
		{CD9D0145-FC8B-4F8B-B6FE-65602496A804}.Debug|x86.Build.0 = Debug|Any CPU
		{CD9D0145-FC8B-4F8B-B6FE-65602496A804}.Release|Any CPU.ActiveCfg = Release|Any CPU
		{CD9D0145-FC8B-4F8B-B6FE-65602496A804}.Release|Any CPU.Build.0 = Release|Any CPU
		{CD9D0145-FC8B-4F8B-B6FE-65602496A804}.Release|x64.ActiveCfg = Release|Any CPU
		{CD9D0145-FC8B-4F8B-B6FE-65602496A804}.Release|x64.Build.0 = Release|Any CPU
		{CD9D0145-FC8B-4F8B-B6FE-65602496A804}.Release|x86.ActiveCfg = Release|Any CPU
		{CD9D0145-FC8B-4F8B-B6FE-65602496A804}.Release|x86.Build.0 = Release|Any CPU
	EndGlobalSection
	GlobalSection(SolutionProperties) = preSolution
		HideSolutionNode = FALSE
	EndGlobalSection
	GlobalSection(ExtensibilityGlobals) = postSolution
		SolutionGuid = {7C27A094-16C9-4021-A20E-9120AB37DF1A}
	EndGlobalSection
EndGlobal
